
Microsoft Visual Studio Solution File, Format Version 12.00
# Visual Studio Version 16
VisualStudioVersion = 16.0.31515.178
MinimumVisualStudioVersion = 10.0.40219.1
Project("{9A19103F-16F7-4668-BE54-9A1E7A4F7556}") = "FusionAuth.SAML", "FusionAuth.SAML\FusionAuth.SAML.csproj", "{CBA6E514-0DF6-4ECD-8AF1-674A98255456}"
EndProject
Global
	GlobalSection(SolutionConfigurationPlatforms) = preSolution
		Debug|Any CPU = Debug|Any CPU
		Release|Any CPU = Release|Any CPU
	EndGlobalSection
	GlobalSection(ProjectConfigurationPlatforms) = postSolution
		{CBA6E514-0DF6-4ECD-8AF1-674A98255456}.Debug|Any CPU.ActiveCfg = Debug|Any CPU
		{CBA6E514-0DF6-4ECD-8AF1-674A98255456}.Debug|Any CPU.Build.0 = Debug|Any CPU
		{CBA6E514-0DF6-4ECD-8AF1-674A98255456}.Release|Any CPU.ActiveCfg = Release|Any CPU
		{CBA6E514-0DF6-4ECD-8AF1-674A98255456}.Release|Any CPU.Build.0 = Release|Any CPU
	EndGlobalSection
	GlobalSection(SolutionProperties) = preSolution
		HideSolutionNode = FALSE
	EndGlobalSection
	GlobalSection(ExtensibilityGlobals) = postSolution
		SolutionGuid = {ED9E11D3-96B2-4405-9347-9FA7951A5FFB}
	EndGlobalSection
EndGlobal
